
Microsoft Visual Studio Solution File, Format Version 12.00
# Visual Studio 15
VisualStudioVersion = 15.0.28307.489
MinimumVisualStudioVersion = 10.0.40219.1
Project("{FAE04EC0-301F-11D3-BF4B-00C04F79EFBC}") = "WpfApp1", "WpfApp1\WpfApp1.csproj", "{888D6E3F-13CF-44AB-970C-60BE78737A89}"
EndProject
Project("{FAE04EC0-301F-11D3-BF4B-00C04F79EFBC}") = "StockEntModelLibrary", "StockEntModelLibrary\StockEntModelLibrary.csproj", "{C8C74FB9-DE50-486B-B42C-8B1BB9F3C8BC}"
EndProject
Project("{FAE04EC0-301F-11D3-BF4B-00C04F79EFBC}") = "ManagerWpfLibrary", "ManagerWpfLibrary\ManagerWpfLibrary.csproj", "{1D133CCD-E2DE-4887-89A2-AADED9518F5B}"
EndProject
Global
	GlobalSection(SolutionConfigurationPlatforms) = preSolution
		Debug|Any CPU = Debug|Any CPU
		Release|Any CPU = Release|Any CPU
	EndGlobalSection
	GlobalSection(ProjectConfigurationPlatforms) = postSolution
		{888D6E3F-13CF-44AB-970C-60BE78737A89}.Debug|Any CPU.ActiveCfg = Debug|Any CPU
		{888D6E3F-13CF-44AB-970C-60BE78737A89}.Debug|Any CPU.Build.0 = Debug|Any CPU
		{888D6E3F-13CF-44AB-970C-60BE78737A89}.Release|Any CPU.ActiveCfg = Release|Any CPU
		{888D6E3F-13CF-44AB-970C-60BE78737A89}.Release|Any CPU.Build.0 = Release|Any CPU
		{C8C74FB9-DE50-486B-B42C-8B1BB9F3C8BC}.Debug|Any CPU.ActiveCfg = Debug|Any CPU
		{C8C74FB9-DE50-486B-B42C-8B1BB9F3C8BC}.Debug|Any CPU.Build.0 = Debug|Any CPU
		{C8C74FB9-DE50-486B-B42C-8B1BB9F3C8BC}.Release|Any CPU.ActiveCfg = Release|Any CPU
		{C8C74FB9-DE50-486B-B42C-8B1BB9F3C8BC}.Release|Any CPU.Build.0 = Release|Any CPU
		{1D133CCD-E2DE-4887-89A2-AADED9518F5B}.Debug|Any CPU.ActiveCfg = Debug|Any CPU
		{1D133CCD-E2DE-4887-89A2-AADED9518F5B}.Debug|Any CPU.Build.0 = Debug|Any CPU
		{1D133CCD-E2DE-4887-89A2-AADED9518F5B}.Release|Any CPU.ActiveCfg = Release|Any CPU
		{1D133CCD-E2DE-4887-89A2-AADED9518F5B}.Release|Any CPU.Build.0 = Release|Any CPU
	EndGlobalSection
	GlobalSection(SolutionProperties) = preSolution
		HideSolutionNode = FALSE
	EndGlobalSection
	GlobalSection(ExtensibilityGlobals) = postSolution
		SolutionGuid = {849E4512-56B1-4ED1-BF5D-7785E3563D79}
	EndGlobalSection
EndGlobal
